
Microsoft Visual Studio Solution File, Format Version 12.00
# Visual Studio Version 17
VisualStudioVersion = 17.7.34221.43
MinimumVisualStudioVersion = 10.0.40219.1
Project("{8BC9CEB8-8B4A-11D0-8D11-00A0C91BC942}") = "DavilexConverter", "DavilexConverter\DavilexConverter.vcxproj", "{AB245357-5D03-4E34-B7B7-D46F8F1AF056}"
EndProject
Global
	GlobalSection(SolutionConfigurationPlatforms) = preSolution
		Debug|x64 = Debug|x64
		Debug|x86 = Debug|x86
		Release|x64 = Release|x64
		Release|x86 = Release|x86
	EndGlobalSection
	GlobalSection(ProjectConfigurationPlatforms) = postSolution
		{AB245357-5D03-4E34-B7B7-D46F8F1AF056}.Debug|x64.ActiveCfg = Debug|x64
		{AB245357-5D03-4E34-B7B7-D46F8F1AF056}.Debug|x64.Build.0 = Debug|x64
		{AB245357-5D03-4E34-B7B7-D46F8F1AF056}.Debug|x86.ActiveCfg = Debug|Win32
		{AB245357-5D03-4E34-B7B7-D46F8F1AF056}.Debug|x86.Build.0 = Debug|Win32
		{AB245357-5D03-4E34-B7B7-D46F8F1AF056}.Release|x64.ActiveCfg = Release|x64
		{AB245357-5D03-4E34-B7B7-D46F8F1AF056}.Release|x64.Build.0 = Release|x64
		{AB245357-5D03-4E34-B7B7-D46F8F1AF056}.Release|x86.ActiveCfg = Release|Win32
		{AB245357-5D03-4E34-B7B7-D46F8F1AF056}.Release|x86.Build.0 = Release|Win32
	EndGlobalSection
	GlobalSection(SolutionProperties) = preSolution
		HideSolutionNode = FALSE
	EndGlobalSection
	GlobalSection(ExtensibilityGlobals) = postSolution
		SolutionGuid = {815356AB-2ED2-4FFC-B980-10E1D9B6A995}
	EndGlobalSection
EndGlobal
